
Microsoft Visual Studio Solution File, Format Version 12.00
# Visual Studio 15
VisualStudioVersion = 15.0.28307.539
MinimumVisualStudioVersion = 10.0.40219.1
Project("{8BC9CEB8-8B4A-11D0-8D11-00A0C91BC942}") = "zf1821212_倪利伟_ComputerAnimation", "zf1821212_倪利伟_ComputerAnimation\zf1821212_倪利伟_ComputerAnimation.vcxproj", "{20C6EDCA-DC77-48CF-9AE0-34092ED47AF7}"
EndProject
Global
	GlobalSection(SolutionConfigurationPlatforms) = preSolution
		Debug|x64 = Debug|x64
		Debug|x86 = Debug|x86
		Release|x64 = Release|x64
		Release|x86 = Release|x86
	EndGlobalSection
	GlobalSection(ProjectConfigurationPlatforms) = postSolution
		{20C6EDCA-DC77-48CF-9AE0-34092ED47AF7}.Debug|x64.ActiveCfg = Debug|x64
		{20C6EDCA-DC77-48CF-9AE0-34092ED47AF7}.Debug|x64.Build.0 = Debug|x64
		{20C6EDCA-DC77-48CF-9AE0-34092ED47AF7}.Debug|x86.ActiveCfg = Debug|Win32
		{20C6EDCA-DC77-48CF-9AE0-34092ED47AF7}.Debug|x86.Build.0 = Debug|Win32
		{20C6EDCA-DC77-48CF-9AE0-34092ED47AF7}.Release|x64.ActiveCfg = Release|x64
		{20C6EDCA-DC77-48CF-9AE0-34092ED47AF7}.Release|x64.Build.0 = Release|x64
		{20C6EDCA-DC77-48CF-9AE0-34092ED47AF7}.Release|x86.ActiveCfg = Release|Win32
		{20C6EDCA-DC77-48CF-9AE0-34092ED47AF7}.Release|x86.Build.0 = Release|Win32
	EndGlobalSection
	GlobalSection(SolutionProperties) = preSolution
		HideSolutionNode = FALSE
	EndGlobalSection
	GlobalSection(ExtensibilityGlobals) = postSolution
		SolutionGuid = {D72D273B-BEB2-4C13-96D6-2EF49E6D56BC}
	EndGlobalSection
EndGlobal
